
Microsoft Visual Studio Solution File, Format Version 12.00
# Visual Studio 15
VisualStudioVersion = 15.0.27703.2042
MinimumVisualStudioVersion = 10.0.40219.1
Project("{FAE04EC0-301F-11D3-BF4B-00C04F79EFBC}") = "BeginningCSharp_Proj1", "BeginningCSharp_Proj1\BeginningCSharp_Proj1.csproj", "{845156F0-4CA7-4F5A-815A-E715DBEABDB4}"
EndProject
Global
	GlobalSection(SolutionConfigurationPlatforms) = preSolution
		Debug|Any CPU = Debug|Any CPU
		Release|Any CPU = Release|Any CPU
	EndGlobalSection
	GlobalSection(ProjectConfigurationPlatforms) = postSolution
		{845156F0-4CA7-4F5A-815A-E715DBEABDB4}.Debug|Any CPU.ActiveCfg = Debug|Any CPU
		{845156F0-4CA7-4F5A-815A-E715DBEABDB4}.Debug|Any CPU.Build.0 = Debug|Any CPU
		{845156F0-4CA7-4F5A-815A-E715DBEABDB4}.Release|Any CPU.ActiveCfg = Release|Any CPU
		{845156F0-4CA7-4F5A-815A-E715DBEABDB4}.Release|Any CPU.Build.0 = Release|Any CPU
	EndGlobalSection
	GlobalSection(SolutionProperties) = preSolution
		HideSolutionNode = FALSE
	EndGlobalSection
	GlobalSection(ExtensibilityGlobals) = postSolution
		SolutionGuid = {2169A1FA-7EC7-4544-B5A3-E4409838CB59}
	EndGlobalSection
EndGlobal
